{
    "_readme": [
        "This file locks the dependencies of your project to a known state",
        "Read more about it at https://getcomposer.org/doc/01-basic-usage.md#composer-lock-the-lock-file",
        "This file is @generated automatically"
    ],
    "content-hash": "eed04d5f262f1fe0ac5d18d3855879f0",
    "packages": [
        {
            "name": "4nd/smarty",
            "version": "v3.1.18",
            "source": {
                "type": "git",
                "url": "https://github.com/4nd/Smarty.git",
                "reference": "c5682f1dafbc442913ca946114a051eed372c1b5"
            },
            "dist": {
                "type": "zip",
                "url": "https://api.github.com/repos/4nd/Smarty/zipball/c5682f1dafbc442913ca946114a051eed372c1b5",
                "reference": "c5682f1dafbc442913ca946114a051eed372c1b5",
                "shasum": ""
            },
            "require": {
                "php": ">=5.2"
            },
            "type": "library",
            "autoload": {
                "classmap": [
                    "distribution/libs/Smarty.class.php",
                    "distribution/libs/SmartyBC.class.php",
                    "distribution/libs/sysplugins/smarty_security.php"
                ]
            },
            "notification-url": "https://packagist.org/downloads/",
            "license": [
                "LGPL-3.0"
            ],
            "authors": [
                {
                    "name": "Monte Ohrt",
                    "email": "monte@ohrt.com"
                },
                {
                    "name": "Uwe Tews",
                    "email": "uwe.tews@googlemail.com"
                },
                {
                    "name": "Rodney Rehm",
                    "email": "rodney.rehm@medialize.de"
                }
            ],
            "description": "Smarty - the compiling PHP template engine",
            "homepage": "http://www.smarty.net",
            "keywords": [
                "templating"
            ],
            "time": "2014-04-07T21:22:04+00:00"
        },
        {
            "name": "computerundsound/culibrary",
            "version": "3.0.1",
            "source": {
                "type": "git",
                "url": "https://github.com/computerundsound/cuLibrary.git",
                "reference": "c9e4835776f1b07179e7ecf9793c337a49d170f4"
            },
            "dist": {
                "type": "zip",
                "url": "https://api.github.com/repos/computerundsound/cuLibrary/zipball/c9e4835776f1b07179e7ecf9793c337a49d170f4",
                "reference": "c9e4835776f1b07179e7ecf9793c337a49d170f4",
                "shasum": ""
            },
            "require": {
                "php": ">=5.4.0"
            },
            "type": "library",
            "autoload": {
                "psr-4": {
                    "computerundsound\\culibrary\\": ""
                }
            },
            "notification-url": "https://packagist.org/downloads/",
            "license": [
                "MIT"
            ],
            "authors": [
                {
                    "name": "Jörg Wrase",
                    "email": "info@cusp.de",
                    "homepage": "http://www.cusp.de",
                    "role": "Developer"
                }
            ],
            "description": "small helper library",
            "homepage": "https://github.com/computerundsound/cuLibrary",
            "time": "2017-02-10T01:56:40+00:00"
        },
        {
            "name": "phpmailer/phpmailer",
            "version": "v5.2.8",
            "source": {
                "type": "git",
                "url": "https://github.com/PHPMailer/PHPMailer.git",
                "reference": "d3802c597bff8f6c2ccfa3eab2a511aa01b8d68f"
            },
            "dist": {
                "type": "zip",
                "url": "https://api.github.com/repos/PHPMailer/PHPMailer/zipball/d3802c597bff8f6c2ccfa3eab2a511aa01b8d68f",
                "reference": "d3802c597bff8f6c2ccfa3eab2a511aa01b8d68f",
                "shasum": ""
            },
            "require": {
                "php": ">=5.0.0"
            },
            "require-dev": {
                "phpdocumentor/phpdocumentor": "*",
                "phpunit/phpunit": "4.0.*"
            },
            "type": "library",
            "autoload": {
                "classmap": [
                    "class.phpmailer.php",
                    "class.pop3.php",
                    "class.smtp.php"
                ]
            },
            "notification-url": "https://packagist.org/downloads/",
            "license": [
                "LGPL-2.1"
            ],
            "authors": [
                {
                    "name": "Jim Jagielski",
                    "email": "jimjag@gmail.com"
                },
                {
                    "name": "Marcus Bointon",
                    "email": "phpmailer@synchromedia.co.uk"
                },
                {
                    "name": "Andy Prevost",
                    "email": "codeworxtech@users.sourceforge.net"
                },
                {
                    "name": "Brent R. Matzelle"
                }
            ],
            "description": "PHPMailer is a full-featured email creation and transfer class for PHP",
            "time": "2014-05-14T07:04:18+00:00"
        }
    ],
    "packages-dev": [],
    "aliases": [],
    "minimum-stability": "dev",
    "stability-flags": [],
    "prefer-stable": false,
    "prefer-lowest": false,
    "platform": [],
    "platform-dev": []
}
